
Microsoft Visual Studio Solution File, Format Version 12.00
# Visual Studio Version 16
VisualStudioVersion = 16.0.30406.217
MinimumVisualStudioVersion = 10.0.40219.1
Project("{FAE04EC0-301F-11D3-BF4B-00C04F79EFBC}") = "School_CRUD_CodeFirst", "School_CRUD_CodeFirst\School_CRUD_CodeFirst.csproj", "{092B454E-96D2-479F-A31B-864976F6D7DC}"
EndProject
Global
	GlobalSection(SolutionConfigurationPlatforms) = preSolution
		Debug|Any CPU = Debug|Any CPU
		Release|Any CPU = Release|Any CPU
	EndGlobalSection
	GlobalSection(ProjectConfigurationPlatforms) = postSolution
		{092B454E-96D2-479F-A31B-864976F6D7DC}.Debug|Any CPU.ActiveCfg = Debug|Any CPU
		{092B454E-96D2-479F-A31B-864976F6D7DC}.Debug|Any CPU.Build.0 = Debug|Any CPU
		{092B454E-96D2-479F-A31B-864976F6D7DC}.Release|Any CPU.ActiveCfg = Release|Any CPU
		{092B454E-96D2-479F-A31B-864976F6D7DC}.Release|Any CPU.Build.0 = Release|Any CPU
	EndGlobalSection
	GlobalSection(SolutionProperties) = preSolution
		HideSolutionNode = FALSE
	EndGlobalSection
	GlobalSection(ExtensibilityGlobals) = postSolution
		SolutionGuid = {640AF939-3E95-487E-9E71-C881D1F07DA4}
	EndGlobalSection
EndGlobal
