
Microsoft Visual Studio Solution File, Format Version 12.00
# Visual Studio Version 16
VisualStudioVersion = 16.0.30320.27
MinimumVisualStudioVersion = 10.0.40219.1
Project("{9A19103F-16F7-4668-BE54-9A1E7A4F7556}") = "Online_Shop_Management", "Online_Shop_Management\Online_Shop_Management.csproj", "{5A75A750-FBCE-4EDC-9B77-B326B55DAD55}"
EndProject
Global
	GlobalSection(SolutionConfigurationPlatforms) = preSolution
		Debug|Any CPU = Debug|Any CPU
		Release|Any CPU = Release|Any CPU
	EndGlobalSection
	GlobalSection(ProjectConfigurationPlatforms) = postSolution
		{5A75A750-FBCE-4EDC-9B77-B326B55DAD55}.Debug|Any CPU.ActiveCfg = Debug|Any CPU
		{5A75A750-FBCE-4EDC-9B77-B326B55DAD55}.Debug|Any CPU.Build.0 = Debug|Any CPU
		{5A75A750-FBCE-4EDC-9B77-B326B55DAD55}.Release|Any CPU.ActiveCfg = Release|Any CPU
		{5A75A750-FBCE-4EDC-9B77-B326B55DAD55}.Release|Any CPU.Build.0 = Release|Any CPU
	EndGlobalSection
	GlobalSection(SolutionProperties) = preSolution
		HideSolutionNode = FALSE
	EndGlobalSection
	GlobalSection(ExtensibilityGlobals) = postSolution
		SolutionGuid = {797AECED-1593-414E-ADF9-4DBD2BFACE35}
	EndGlobalSection
EndGlobal
